PODS:
  - HLBarIndicatorView (0.2.0)

DEPENDENCIES:
  - HLBarIndicatorView (from `../`)

EXTERNAL SOURCES:
  HLBarIndicatorView:
    :path: "../"

SPEC CHECKSUMS:
  HLBarIndicatorView: 90912a64b16844570f19aadf4a1641504e9feef0

PODFILE CHECKSUM: 559f96892d27e54dc8bfc9036ae7b7b439630e4f

COCOAPODS: 1.5.3
