PODS:
  - HLBarIndicatorView (0.1.1)

DEPENDENCIES:
  - HLBarIndicatorView (from `../`)

EXTERNAL SOURCES:
  HLBarIndicatorView:
    :path: ../

SPEC CHECKSUMS:
  HLBarIndicatorView: fcbf7703a19ef5c56ad84787fdaa4ce6738eba1b

PODFILE CHECKSUM: 559f96892d27e54dc8bfc9036ae7b7b439630e4f

COCOAPODS: 1.3.1
